
Microsoft Visual Studio Solution File, Format Version 12.00
# Visual Studio Version 17
VisualStudioVersion = 17.0.31717.71
MinimumVisualStudioVersion = 10.0.40219.1
Project("{2150E333-8FDC-42A3-9474-1A3956D46DE8}") = "Solution Items", "Solution Items", "{C39F6A6F-D626-4B0B-95F4-40BB25F7FA32}"
	ProjectSection(SolutionItems) = preProject
		.editorconfig = .editorconfig
		.gitignore = .gitignore
		common.props = common.props
		common.test.benchmark.props = common.test.benchmark.props
		common.test.props = common.test.props
		common.xunit.props = common.xunit.props
		Directory.build.props = Directory.build.props
		LICENSE = LICENSE
		logo.png = logo.png
		notes.md = notes.md
		README.md = README.md
	EndProjectSection
EndProject
Project("{2150E333-8FDC-42A3-9474-1A3956D46DE8}") = "main", "main", "{954656DF-74DF-46FD-A61D-9B8CB79D6632}"
EndProject
Project("{2150E333-8FDC-42A3-9474-1A3956D46DE8}") = "module", "module", "{BFED5EA3-47DF-493E-B69D-44A15901C490}"
EndProject
Project("{2150E333-8FDC-42A3-9474-1A3956D46DE8}") = "event", "event", "{5570062D-8463-44FC-A7FF-C3BFF2D84129}"
EndProject
Project("{9A19103F-16F7-4668-BE54-9A1E7A4F7556}") = "OneF.Eventable", "event\OneF.Eventable\OneF.Eventable.csproj", "{016D4ECF-5CAD-49D8-B66F-AA2E1434D9C2}"
EndProject
Project("{9A19103F-16F7-4668-BE54-9A1E7A4F7556}") = "OneF", "main\OneF\OneF.csproj", "{EB8616B3-F4AA-492F-A274-7B4BB8070131}"
EndProject
Project("{9A19103F-16F7-4668-BE54-9A1E7A4F7556}") = "OneF.Moduleable.Abstractions", "module\OneF.Moduleable.Abstractions\OneF.Moduleable.Abstractions.csproj", "{3125E16A-C795-4284-A96F-D051E0C67D45}"
EndProject
Project("{9A19103F-16F7-4668-BE54-9A1E7A4F7556}") = "OneF.Moduleable", "module\OneF.Moduleable\OneF.Moduleable.csproj", "{4E19841D-5215-4817-94CD-610E3195608D}"
EndProject
Project("{9A19103F-16F7-4668-BE54-9A1E7A4F7556}") = "OneF.Eventable.Abstractions", "event\OneF.Eventable.Abstractions\OneF.Eventable.Abstractions.csproj", "{DB386EFC-4F77-4425-9AF0-D076063D3350}"
EndProject
Project("{9A19103F-16F7-4668-BE54-9A1E7A4F7556}") = "OneF.Eventable.Test", "event\OneF.Eventable.Test\OneF.Eventable.Test.csproj", "{FE6A4B1E-FF5E-4172-97E4-3A5481CC40AE}"
EndProject
Project("{9A19103F-16F7-4668-BE54-9A1E7A4F7556}") = "OneF.Moduleable.Test", "module\OneF.Moduleable.Test\OneF.Moduleable.Test.csproj", "{BA0A487A-1D73-47C8-8C88-58715584A340}"
EndProject
Project("{2150E333-8FDC-42A3-9474-1A3956D46DE8}") = "thread", "thread", "{9E518F6A-FCC1-4737-98F8-15BA636F7E65}"
EndProject
Project("{9A19103F-16F7-4668-BE54-9A1E7A4F7556}") = "OneF.Threadable", "thread\OneF.Threadable\OneF.Threadable.csproj", "{1135848A-BC84-43D6-B385-768B8E397247}"
EndProject
Project("{9A19103F-16F7-4668-BE54-9A1E7A4F7556}") = "OneF.Threadable.Test", "thread\OneF.Threadable.Test\OneF.Threadable.Test.csproj", "{E439293F-09D3-45C5-81A3-3E848416ACAC}"
EndProject
Project("{9A19103F-16F7-4668-BE54-9A1E7A4F7556}") = "OneF.Threadable.Abstractions", "thread\OneT.Threadable.Abstractions\OneF.Threadable.Abstractions.csproj", "{D019E6E9-948F-41A2-AD1D-AD7FD97C9D0E}"
EndProject
Project("{9A19103F-16F7-4668-BE54-9A1E7A4F7556}") = "OneF.Moduleable.TestBase", "module\OneF.Moduleable.TestBase\OneF.Moduleable.TestBase.csproj", "{FCE36826-102D-44A9-AE5E-01C59CACAE98}"
EndProject
Project("{9A19103F-16F7-4668-BE54-9A1E7A4F7556}") = "OneF.Test", "main\OneF.Test\OneF.Test.csproj", "{37078B96-15BB-47F5-9224-4A2FF88E4DBC}"
EndProject
Project("{2150E333-8FDC-42A3-9474-1A3956D46DE8}") = "orm", "orm", "{6987ACA8-4E71-470C-8EB3-AD0C3EB9575B}"
EndProject
Project("{9A19103F-16F7-4668-BE54-9A1E7A4F7556}") = "OneF.Ormable.Abstractions", "orm\OneF.Ormable.Abstractions\OneF.Ormable.Abstractions.csproj", "{F643CA5E-0462-4621-A9AB-D806F7D5C28F}"
EndProject
Project("{9A19103F-16F7-4668-BE54-9A1E7A4F7556}") = "OneF.Mappable.Generator", "map\OneF.Mappable.Generator\OneF.Mappable.Generator.csproj", "{EDA943E1-635B-4AD3-A35D-0606D19FA311}"
EndProject
Project("{2150E333-8FDC-42A3-9474-1A3956D46DE8}") = "map", "map", "{E12C443C-FF9A-4408-B0FB-BA86A08EC486}"
EndProject
Project("{9A19103F-16F7-4668-BE54-9A1E7A4F7556}") = "OneF.Mappable.Abstractions", "map\OneF.Mappable.Abstractions\OneF.Mappable.Abstractions.csproj", "{A229AEBC-EA70-4684-9FEE-BD701981F5E0}"
EndProject
Project("{9A19103F-16F7-4668-BE54-9A1E7A4F7556}") = "OneF.Mappable.Generator.Test", "map\OneF.Mappable.Generator.Test\OneF.Mappable.Generator.Test.csproj", "{405F713B-00C8-4691-AF14-67960A901D3C}"
EndProject
Project("{2150E333-8FDC-42A3-9474-1A3956D46DE8}") = "infrastructure", "infrastructure", "{1FD9C06B-4076-46A1-ABDC-EE64274B6DF1}"
EndProject
Project("{9A19103F-16F7-4668-BE54-9A1E7A4F7556}") = "OneF.Utilityable", "infrastructure\OneF.Utilityable\OneF.Utilityable.csproj", "{478BE54F-4143-4EB4-9BF4-32C7F0F2F8FB}"
EndProject
Project("{9A19103F-16F7-4668-BE54-9A1E7A4F7556}") = "OneF.Utilityable.Benchmark", "infrastructure\OneF.Utilityable.Benchmark\OneF.Utilityable.Benchmark.csproj", "{94E2AB9B-7819-4FEA-B40C-C821BB60C56F}"
EndProject
Project("{9A19103F-16F7-4668-BE54-9A1E7A4F7556}") = "OneF.Utilityable.Console", "infrastructure\OneF.Utilityable.Console\OneF.Utilityable.Console.csproj", "{C8A4CDD3-26AA-4E60-A3EF-AD3718A06CC2}"
EndProject
Project("{9A19103F-16F7-4668-BE54-9A1E7A4F7556}") = "OneF.Utilityable.Http", "infrastructure\OneF.Utilityable.Http\OneF.Utilityable.Http.csproj", "{3F47E850-4CAA-44E3-9571-22123C1D59AA}"
EndProject
Project("{9A19103F-16F7-4668-BE54-9A1E7A4F7556}") = "OneF.Utilityable.Http.Test", "infrastructure\OneF.Utilityable.Http.Test\OneF.Utilityable.Http.Test.csproj", "{4C93EEFC-C953-4759-ADFB-8A8143092489}"
EndProject
Project("{9A19103F-16F7-4668-BE54-9A1E7A4F7556}") = "OneF.Utilityable.Test", "infrastructure\OneF.Utilityable.Test\OneF.Utilityable.Test.csproj", "{3E09BC7E-021E-4F07-B42C-EAF1FDB65B93}"
EndProject
Project("{9A19103F-16F7-4668-BE54-9A1E7A4F7556}") = "OneF.Ormable", "orm\OneF.Ormable\OneF.Ormable.csproj", "{991F8FAB-E855-4A13-874E-583EACABD8DF}"
EndProject
Project("{9A19103F-16F7-4668-BE54-9A1E7A4F7556}") = "OneF.Ormable.Sqlite.Test", "orm\OneF.Ormable.Sqlite.Test\OneF.Ormable.Sqlite.Test.csproj", "{AF5C10C3-D4A2-406F-A49C-78025527E22B}"
EndProject
Project("{9A19103F-16F7-4668-BE54-9A1E7A4F7556}") = "OneF.Ormable.Sqlite", "orm\OneF.Ormable.Sqlite\OneF.Ormable.Sqlite.csproj", "{86E54A87-18DD-480D-8D31-B32609465462}"
EndProject
Project("{9A19103F-16F7-4668-BE54-9A1E7A4F7556}") = "OneF.Ormable.Sqlite.Abstractions", "orm\OneF.Ormable.Sqlite.Abstractions\OneF.Ormable.Sqlite.Abstractions.csproj", "{F4F5C363-188E-40E2-9E14-F8D175BA7471}"
EndProject
Project("{9A19103F-16F7-4668-BE54-9A1E7A4F7556}") = "OneF.Ormable.Test", "orm\OneF.Ormable.Test\OneF.Ormable.Test.csproj", "{98411472-237A-47E8-9E92-AE212F241A3F}"
EndProject
Global
	GlobalSection(SolutionConfigurationPlatforms) = preSolution
		Debug|Any CPU = Debug|Any CPU
		Debug|x86 = Debug|x86
		Release|Any CPU = Release|Any CPU
		Release|x86 = Release|x86
	EndGlobalSection
	GlobalSection(ProjectConfigurationPlatforms) = postSolution
		{016D4ECF-5CAD-49D8-B66F-AA2E1434D9C2}.Debug|Any CPU.ActiveCfg = Debug|Any CPU
		{016D4ECF-5CAD-49D8-B66F-AA2E1434D9C2}.Debug|Any CPU.Build.0 = Debug|Any CPU
		{016D4ECF-5CAD-49D8-B66F-AA2E1434D9C2}.Debug|x86.ActiveCfg = Debug|Any CPU
		{016D4ECF-5CAD-49D8-B66F-AA2E1434D9C2}.Debug|x86.Build.0 = Debug|Any CPU
		{016D4ECF-5CAD-49D8-B66F-AA2E1434D9C2}.Release|Any CPU.ActiveCfg = Release|Any CPU
		{016D4ECF-5CAD-49D8-B66F-AA2E1434D9C2}.Release|Any CPU.Build.0 = Release|Any CPU
		{016D4ECF-5CAD-49D8-B66F-AA2E1434D9C2}.Release|x86.ActiveCfg = Release|Any CPU
		{016D4ECF-5CAD-49D8-B66F-AA2E1434D9C2}.Release|x86.Build.0 = Release|Any CPU
		{EB8616B3-F4AA-492F-A274-7B4BB8070131}.Debug|Any CPU.ActiveCfg = Debug|Any CPU
		{EB8616B3-F4AA-492F-A274-7B4BB8070131}.Debug|Any CPU.Build.0 = Debug|Any CPU
		{EB8616B3-F4AA-492F-A274-7B4BB8070131}.Debug|x86.ActiveCfg = Debug|Any CPU
		{EB8616B3-F4AA-492F-A274-7B4BB8070131}.Debug|x86.Build.0 = Debug|Any CPU
		{EB8616B3-F4AA-492F-A274-7B4BB8070131}.Release|Any CPU.ActiveCfg = Release|Any CPU
		{EB8616B3-F4AA-492F-A274-7B4BB8070131}.Release|Any CPU.Build.0 = Release|Any CPU
		{EB8616B3-F4AA-492F-A274-7B4BB8070131}.Release|x86.ActiveCfg = Release|Any CPU
		{EB8616B3-F4AA-492F-A274-7B4BB8070131}.Release|x86.Build.0 = Release|Any CPU
		{3125E16A-C795-4284-A96F-D051E0C67D45}.Debug|Any CPU.ActiveCfg = Debug|Any CPU
		{3125E16A-C795-4284-A96F-D051E0C67D45}.Debug|Any CPU.Build.0 = Debug|Any CPU
		{3125E16A-C795-4284-A96F-D051E0C67D45}.Debug|x86.ActiveCfg = Debug|Any CPU
		{3125E16A-C795-4284-A96F-D051E0C67D45}.Debug|x86.Build.0 = Debug|Any CPU
		{3125E16A-C795-4284-A96F-D051E0C67D45}.Release|Any CPU.ActiveCfg = Release|Any CPU
		{3125E16A-C795-4284-A96F-D051E0C67D45}.Release|Any CPU.Build.0 = Release|Any CPU
		{3125E16A-C795-4284-A96F-D051E0C67D45}.Release|x86.ActiveCfg = Release|Any CPU
		{3125E16A-C795-4284-A96F-D051E0C67D45}.Release|x86.Build.0 = Release|Any CPU
		{4E19841D-5215-4817-94CD-610E3195608D}.Debug|Any CPU.ActiveCfg = Debug|Any CPU
		{4E19841D-5215-4817-94CD-610E3195608D}.Debug|Any CPU.Build.0 = Debug|Any CPU
		{4E19841D-5215-4817-94CD-610E3195608D}.Debug|x86.ActiveCfg = Debug|Any CPU
		{4E19841D-5215-4817-94CD-610E3195608D}.Debug|x86.Build.0 = Debug|Any CPU
		{4E19841D-5215-4817-94CD-610E3195608D}.Release|Any CPU.ActiveCfg = Release|Any CPU
		{4E19841D-5215-4817-94CD-610E3195608D}.Release|Any CPU.Build.0 = Release|Any CPU
		{4E19841D-5215-4817-94CD-610E3195608D}.Release|x86.ActiveCfg = Release|Any CPU
		{4E19841D-5215-4817-94CD-610E3195608D}.Release|x86.Build.0 = Release|Any CPU
		{DB386EFC-4F77-4425-9AF0-D076063D3350}.Debug|Any CPU.ActiveCfg = Debug|Any CPU
		{DB386EFC-4F77-4425-9AF0-D076063D3350}.Debug|Any CPU.Build.0 = Debug|Any CPU
		{DB386EFC-4F77-4425-9AF0-D076063D3350}.Debug|x86.ActiveCfg = Debug|Any CPU
		{DB386EFC-4F77-4425-9AF0-D076063D3350}.Debug|x86.Build.0 = Debug|Any CPU
		{DB386EFC-4F77-4425-9AF0-D076063D3350}.Release|Any CPU.ActiveCfg = Release|Any CPU
		{DB386EFC-4F77-4425-9AF0-D076063D3350}.Release|Any CPU.Build.0 = Release|Any CPU
		{DB386EFC-4F77-4425-9AF0-D076063D3350}.Release|x86.ActiveCfg = Release|Any CPU
		{DB386EFC-4F77-4425-9AF0-D076063D3350}.Release|x86.Build.0 = Release|Any CPU
		{FE6A4B1E-FF5E-4172-97E4-3A5481CC40AE}.Debug|Any CPU.ActiveCfg = Debug|Any CPU
		{FE6A4B1E-FF5E-4172-97E4-3A5481CC40AE}.Debug|Any CPU.Build.0 = Debug|Any CPU
		{FE6A4B1E-FF5E-4172-97E4-3A5481CC40AE}.Debug|x86.ActiveCfg = Debug|Any CPU
		{FE6A4B1E-FF5E-4172-97E4-3A5481CC40AE}.Debug|x86.Build.0 = Debug|Any CPU
		{FE6A4B1E-FF5E-4172-97E4-3A5481CC40AE}.Release|Any CPU.ActiveCfg = Release|Any CPU
		{FE6A4B1E-FF5E-4172-97E4-3A5481CC40AE}.Release|Any CPU.Build.0 = Release|Any CPU
		{FE6A4B1E-FF5E-4172-97E4-3A5481CC40AE}.Release|x86.ActiveCfg = Release|Any CPU
		{FE6A4B1E-FF5E-4172-97E4-3A5481CC40AE}.Release|x86.Build.0 = Release|Any CPU
		{BA0A487A-1D73-47C8-8C88-58715584A340}.Debug|Any CPU.ActiveCfg = Debug|Any CPU
		{BA0A487A-1D73-47C8-8C88-58715584A340}.Debug|Any CPU.Build.0 = Debug|Any CPU
		{BA0A487A-1D73-47C8-8C88-58715584A340}.Debug|x86.ActiveCfg = Debug|Any CPU
		{BA0A487A-1D73-47C8-8C88-58715584A340}.Debug|x86.Build.0 = Debug|Any CPU
		{BA0A487A-1D73-47C8-8C88-58715584A340}.Release|Any CPU.ActiveCfg = Release|Any CPU
		{BA0A487A-1D73-47C8-8C88-58715584A340}.Release|Any CPU.Build.0 = Release|Any CPU
		{BA0A487A-1D73-47C8-8C88-58715584A340}.Release|x86.ActiveCfg = Release|Any CPU
		{BA0A487A-1D73-47C8-8C88-58715584A340}.Release|x86.Build.0 = Release|Any CPU
		{1135848A-BC84-43D6-B385-768B8E397247}.Debug|Any CPU.ActiveCfg = Debug|Any CPU
		{1135848A-BC84-43D6-B385-768B8E397247}.Debug|Any CPU.Build.0 = Debug|Any CPU
		{1135848A-BC84-43D6-B385-768B8E397247}.Debug|x86.ActiveCfg = Debug|Any CPU
		{1135848A-BC84-43D6-B385-768B8E397247}.Debug|x86.Build.0 = Debug|Any CPU
		{1135848A-BC84-43D6-B385-768B8E397247}.Release|Any CPU.ActiveCfg = Release|Any CPU
		{1135848A-BC84-43D6-B385-768B8E397247}.Release|Any CPU.Build.0 = Release|Any CPU
		{1135848A-BC84-43D6-B385-768B8E397247}.Release|x86.ActiveCfg = Release|Any CPU
		{1135848A-BC84-43D6-B385-768B8E397247}.Release|x86.Build.0 = Release|Any CPU
		{E439293F-09D3-45C5-81A3-3E848416ACAC}.Debug|Any CPU.ActiveCfg = Debug|Any CPU
		{E439293F-09D3-45C5-81A3-3E848416ACAC}.Debug|Any CPU.Build.0 = Debug|Any CPU
		{E439293F-09D3-45C5-81A3-3E848416ACAC}.Debug|x86.ActiveCfg = Debug|Any CPU
		{E439293F-09D3-45C5-81A3-3E848416ACAC}.Debug|x86.Build.0 = Debug|Any CPU
		{E439293F-09D3-45C5-81A3-3E848416ACAC}.Release|Any CPU.ActiveCfg = Release|Any CPU
		{E439293F-09D3-45C5-81A3-3E848416ACAC}.Release|Any CPU.Build.0 = Release|Any CPU
		{E439293F-09D3-45C5-81A3-3E848416ACAC}.Release|x86.ActiveCfg = Release|Any CPU
		{E439293F-09D3-45C5-81A3-3E848416ACAC}.Release|x86.Build.0 = Release|Any CPU
		{D019E6E9-948F-41A2-AD1D-AD7FD97C9D0E}.Debug|Any CPU.ActiveCfg = Debug|Any CPU
		{D019E6E9-948F-41A2-AD1D-AD7FD97C9D0E}.Debug|Any CPU.Build.0 = Debug|Any CPU
		{D019E6E9-948F-41A2-AD1D-AD7FD97C9D0E}.Debug|x86.ActiveCfg = Debug|Any CPU
		{D019E6E9-948F-41A2-AD1D-AD7FD97C9D0E}.Debug|x86.Build.0 = Debug|Any CPU
		{D019E6E9-948F-41A2-AD1D-AD7FD97C9D0E}.Release|Any CPU.ActiveCfg = Release|Any CPU
		{D019E6E9-948F-41A2-AD1D-AD7FD97C9D0E}.Release|Any CPU.Build.0 = Release|Any CPU
		{D019E6E9-948F-41A2-AD1D-AD7FD97C9D0E}.Release|x86.ActiveCfg = Release|Any CPU
		{D019E6E9-948F-41A2-AD1D-AD7FD97C9D0E}.Release|x86.Build.0 = Release|Any CPU
		{FCE36826-102D-44A9-AE5E-01C59CACAE98}.Debug|Any CPU.ActiveCfg = Debug|Any CPU
		{FCE36826-102D-44A9-AE5E-01C59CACAE98}.Debug|Any CPU.Build.0 = Debug|Any CPU
		{FCE36826-102D-44A9-AE5E-01C59CACAE98}.Debug|x86.ActiveCfg = Debug|Any CPU
		{FCE36826-102D-44A9-AE5E-01C59CACAE98}.Debug|x86.Build.0 = Debug|Any CPU
		{FCE36826-102D-44A9-AE5E-01C59CACAE98}.Release|Any CPU.ActiveCfg = Release|Any CPU
		{FCE36826-102D-44A9-AE5E-01C59CACAE98}.Release|Any CPU.Build.0 = Release|Any CPU
		{FCE36826-102D-44A9-AE5E-01C59CACAE98}.Release|x86.ActiveCfg = Release|Any CPU
		{FCE36826-102D-44A9-AE5E-01C59CACAE98}.Release|x86.Build.0 = Release|Any CPU
		{37078B96-15BB-47F5-9224-4A2FF88E4DBC}.Debug|Any CPU.ActiveCfg = Debug|Any CPU
		{37078B96-15BB-47F5-9224-4A2FF88E4DBC}.Debug|Any CPU.Build.0 = Debug|Any CPU
		{37078B96-15BB-47F5-9224-4A2FF88E4DBC}.Debug|x86.ActiveCfg = Debug|Any CPU
		{37078B96-15BB-47F5-9224-4A2FF88E4DBC}.Debug|x86.Build.0 = Debug|Any CPU
		{37078B96-15BB-47F5-9224-4A2FF88E4DBC}.Release|Any CPU.ActiveCfg = Release|Any CPU
		{37078B96-15BB-47F5-9224-4A2FF88E4DBC}.Release|Any CPU.Build.0 = Release|Any CPU
		{37078B96-15BB-47F5-9224-4A2FF88E4DBC}.Release|x86.ActiveCfg = Release|Any CPU
		{37078B96-15BB-47F5-9224-4A2FF88E4DBC}.Release|x86.Build.0 = Release|Any CPU
		{F643CA5E-0462-4621-A9AB-D806F7D5C28F}.Debug|Any CPU.ActiveCfg = Debug|Any CPU
		{F643CA5E-0462-4621-A9AB-D806F7D5C28F}.Debug|Any CPU.Build.0 = Debug|Any CPU
		{F643CA5E-0462-4621-A9AB-D806F7D5C28F}.Debug|x86.ActiveCfg = Debug|Any CPU
		{F643CA5E-0462-4621-A9AB-D806F7D5C28F}.Debug|x86.Build.0 = Debug|Any CPU
		{F643CA5E-0462-4621-A9AB-D806F7D5C28F}.Release|Any CPU.ActiveCfg = Release|Any CPU
		{F643CA5E-0462-4621-A9AB-D806F7D5C28F}.Release|Any CPU.Build.0 = Release|Any CPU
		{F643CA5E-0462-4621-A9AB-D806F7D5C28F}.Release|x86.ActiveCfg = Release|Any CPU
		{F643CA5E-0462-4621-A9AB-D806F7D5C28F}.Release|x86.Build.0 = Release|Any CPU
		{EDA943E1-635B-4AD3-A35D-0606D19FA311}.Debug|Any CPU.ActiveCfg = Debug|Any CPU
		{EDA943E1-635B-4AD3-A35D-0606D19FA311}.Debug|Any CPU.Build.0 = Debug|Any CPU
		{EDA943E1-635B-4AD3-A35D-0606D19FA311}.Debug|x86.ActiveCfg = Debug|Any CPU
		{EDA943E1-635B-4AD3-A35D-0606D19FA311}.Debug|x86.Build.0 = Debug|Any CPU
		{EDA943E1-635B-4AD3-A35D-0606D19FA311}.Release|Any CPU.ActiveCfg = Release|Any CPU
		{EDA943E1-635B-4AD3-A35D-0606D19FA311}.Release|Any CPU.Build.0 = Release|Any CPU
		{EDA943E1-635B-4AD3-A35D-0606D19FA311}.Release|x86.ActiveCfg = Release|Any CPU
		{EDA943E1-635B-4AD3-A35D-0606D19FA311}.Release|x86.Build.0 = Release|Any CPU
		{A229AEBC-EA70-4684-9FEE-BD701981F5E0}.Debug|Any CPU.ActiveCfg = Debug|Any CPU
		{A229AEBC-EA70-4684-9FEE-BD701981F5E0}.Debug|Any CPU.Build.0 = Debug|Any CPU
		{A229AEBC-EA70-4684-9FEE-BD701981F5E0}.Debug|x86.ActiveCfg = Debug|Any CPU
		{A229AEBC-EA70-4684-9FEE-BD701981F5E0}.Debug|x86.Build.0 = Debug|Any CPU
		{A229AEBC-EA70-4684-9FEE-BD701981F5E0}.Release|Any CPU.ActiveCfg = Release|Any CPU
		{A229AEBC-EA70-4684-9FEE-BD701981F5E0}.Release|Any CPU.Build.0 = Release|Any CPU
		{A229AEBC-EA70-4684-9FEE-BD701981F5E0}.Release|x86.ActiveCfg = Release|Any CPU
		{A229AEBC-EA70-4684-9FEE-BD701981F5E0}.Release|x86.Build.0 = Release|Any CPU
		{405F713B-00C8-4691-AF14-67960A901D3C}.Debug|Any CPU.ActiveCfg = Debug|Any CPU
		{405F713B-00C8-4691-AF14-67960A901D3C}.Debug|Any CPU.Build.0 = Debug|Any CPU
		{405F713B-00C8-4691-AF14-67960A901D3C}.Debug|x86.ActiveCfg = Debug|Any CPU
		{405F713B-00C8-4691-AF14-67960A901D3C}.Debug|x86.Build.0 = Debug|Any CPU
		{405F713B-00C8-4691-AF14-67960A901D3C}.Release|Any CPU.ActiveCfg = Release|Any CPU
		{405F713B-00C8-4691-AF14-67960A901D3C}.Release|Any CPU.Build.0 = Release|Any CPU
		{405F713B-00C8-4691-AF14-67960A901D3C}.Release|x86.ActiveCfg = Release|Any CPU
		{405F713B-00C8-4691-AF14-67960A901D3C}.Release|x86.Build.0 = Release|Any CPU
		{478BE54F-4143-4EB4-9BF4-32C7F0F2F8FB}.Debug|Any CPU.ActiveCfg = Debug|Any CPU
		{478BE54F-4143-4EB4-9BF4-32C7F0F2F8FB}.Debug|Any CPU.Build.0 = Debug|Any CPU
		{478BE54F-4143-4EB4-9BF4-32C7F0F2F8FB}.Debug|x86.ActiveCfg = Debug|Any CPU
		{478BE54F-4143-4EB4-9BF4-32C7F0F2F8FB}.Debug|x86.Build.0 = Debug|Any CPU
		{478BE54F-4143-4EB4-9BF4-32C7F0F2F8FB}.Release|Any CPU.ActiveCfg = Release|Any CPU
		{478BE54F-4143-4EB4-9BF4-32C7F0F2F8FB}.Release|Any CPU.Build.0 = Release|Any CPU
		{478BE54F-4143-4EB4-9BF4-32C7F0F2F8FB}.Release|x86.ActiveCfg = Release|Any CPU
		{478BE54F-4143-4EB4-9BF4-32C7F0F2F8FB}.Release|x86.Build.0 = Release|Any CPU
		{94E2AB9B-7819-4FEA-B40C-C821BB60C56F}.Debug|Any CPU.ActiveCfg = Debug|Any CPU
		{94E2AB9B-7819-4FEA-B40C-C821BB60C56F}.Debug|Any CPU.Build.0 = Debug|Any CPU
		{94E2AB9B-7819-4FEA-B40C-C821BB60C56F}.Debug|x86.ActiveCfg = Debug|Any CPU
		{94E2AB9B-7819-4FEA-B40C-C821BB60C56F}.Debug|x86.Build.0 = Debug|Any CPU
		{94E2AB9B-7819-4FEA-B40C-C821BB60C56F}.Release|Any CPU.ActiveCfg = Release|Any CPU
		{94E2AB9B-7819-4FEA-B40C-C821BB60C56F}.Release|Any CPU.Build.0 = Release|Any CPU
		{94E2AB9B-7819-4FEA-B40C-C821BB60C56F}.Release|x86.ActiveCfg = Release|Any CPU
		{94E2AB9B-7819-4FEA-B40C-C821BB60C56F}.Release|x86.Build.0 = Release|Any CPU
		{C8A4CDD3-26AA-4E60-A3EF-AD3718A06CC2}.Debug|Any CPU.ActiveCfg = Debug|Any CPU
		{C8A4CDD3-26AA-4E60-A3EF-AD3718A06CC2}.Debug|Any CPU.Build.0 = Debug|Any CPU
		{C8A4CDD3-26AA-4E60-A3EF-AD3718A06CC2}.Debug|x86.ActiveCfg = Debug|Any CPU
		{C8A4CDD3-26AA-4E60-A3EF-AD3718A06CC2}.Debug|x86.Build.0 = Debug|Any CPU
		{C8A4CDD3-26AA-4E60-A3EF-AD3718A06CC2}.Release|Any CPU.ActiveCfg = Release|Any CPU
		{C8A4CDD3-26AA-4E60-A3EF-AD3718A06CC2}.Release|Any CPU.Build.0 = Release|Any CPU
		{C8A4CDD3-26AA-4E60-A3EF-AD3718A06CC2}.Release|x86.ActiveCfg = Release|Any CPU
		{C8A4CDD3-26AA-4E60-A3EF-AD3718A06CC2}.Release|x86.Build.0 = Release|Any CPU
		{3F47E850-4CAA-44E3-9571-22123C1D59AA}.Debug|Any CPU.ActiveCfg = Debug|Any CPU
		{3F47E850-4CAA-44E3-9571-22123C1D59AA}.Debug|Any CPU.Build.0 = Debug|Any CPU
		{3F47E850-4CAA-44E3-9571-22123C1D59AA}.Debug|x86.ActiveCfg = Debug|Any CPU
		{3F47E850-4CAA-44E3-9571-22123C1D59AA}.Debug|x86.Build.0 = Debug|Any CPU
		{3F47E850-4CAA-44E3-9571-22123C1D59AA}.Release|Any CPU.ActiveCfg = Release|Any CPU
		{3F47E850-4CAA-44E3-9571-22123C1D59AA}.Release|Any CPU.Build.0 = Release|Any CPU
		{3F47E850-4CAA-44E3-9571-22123C1D59AA}.Release|x86.ActiveCfg = Release|Any CPU
		{3F47E850-4CAA-44E3-9571-22123C1D59AA}.Release|x86.Build.0 = Release|Any CPU
		{4C93EEFC-C953-4759-ADFB-8A8143092489}.Debug|Any CPU.ActiveCfg = Debug|Any CPU
		{4C93EEFC-C953-4759-ADFB-8A8143092489}.Debug|Any CPU.Build.0 = Debug|Any CPU
		{4C93EEFC-C953-4759-ADFB-8A8143092489}.Debug|x86.ActiveCfg = Debug|Any CPU
		{4C93EEFC-C953-4759-ADFB-8A8143092489}.Debug|x86.Build.0 = Debug|Any CPU
		{4C93EEFC-C953-4759-ADFB-8A8143092489}.Release|Any CPU.ActiveCfg = Release|Any CPU
		{4C93EEFC-C953-4759-ADFB-8A8143092489}.Release|Any CPU.Build.0 = Release|Any CPU
		{4C93EEFC-C953-4759-ADFB-8A8143092489}.Release|x86.ActiveCfg = Release|Any CPU
		{4C93EEFC-C953-4759-ADFB-8A8143092489}.Release|x86.Build.0 = Release|Any CPU
		{3E09BC7E-021E-4F07-B42C-EAF1FDB65B93}.Debug|Any CPU.ActiveCfg = Debug|Any CPU
		{3E09BC7E-021E-4F07-B42C-EAF1FDB65B93}.Debug|Any CPU.Build.0 = Debug|Any CPU
		{3E09BC7E-021E-4F07-B42C-EAF1FDB65B93}.Debug|x86.ActiveCfg = Debug|Any CPU
		{3E09BC7E-021E-4F07-B42C-EAF1FDB65B93}.Debug|x86.Build.0 = Debug|Any CPU
		{3E09BC7E-021E-4F07-B42C-EAF1FDB65B93}.Release|Any CPU.ActiveCfg = Release|Any CPU
		{3E09BC7E-021E-4F07-B42C-EAF1FDB65B93}.Release|Any CPU.Build.0 = Release|Any CPU
		{3E09BC7E-021E-4F07-B42C-EAF1FDB65B93}.Release|x86.ActiveCfg = Release|Any CPU
		{3E09BC7E-021E-4F07-B42C-EAF1FDB65B93}.Release|x86.Build.0 = Release|Any CPU
		{991F8FAB-E855-4A13-874E-583EACABD8DF}.Debug|Any CPU.ActiveCfg = Debug|Any CPU
		{991F8FAB-E855-4A13-874E-583EACABD8DF}.Debug|Any CPU.Build.0 = Debug|Any CPU
		{991F8FAB-E855-4A13-874E-583EACABD8DF}.Debug|x86.ActiveCfg = Debug|Any CPU
		{991F8FAB-E855-4A13-874E-583EACABD8DF}.Debug|x86.Build.0 = Debug|Any CPU
		{991F8FAB-E855-4A13-874E-583EACABD8DF}.Release|Any CPU.ActiveCfg = Release|Any CPU
		{991F8FAB-E855-4A13-874E-583EACABD8DF}.Release|Any CPU.Build.0 = Release|Any CPU
		{991F8FAB-E855-4A13-874E-583EACABD8DF}.Release|x86.ActiveCfg = Release|Any CPU
		{991F8FAB-E855-4A13-874E-583EACABD8DF}.Release|x86.Build.0 = Release|Any CPU
		{AF5C10C3-D4A2-406F-A49C-78025527E22B}.Debug|Any CPU.ActiveCfg = Debug|Any CPU
		{AF5C10C3-D4A2-406F-A49C-78025527E22B}.Debug|Any CPU.Build.0 = Debug|Any CPU
		{AF5C10C3-D4A2-406F-A49C-78025527E22B}.Debug|x86.ActiveCfg = Debug|Any CPU
		{AF5C10C3-D4A2-406F-A49C-78025527E22B}.Debug|x86.Build.0 = Debug|Any CPU
		{AF5C10C3-D4A2-406F-A49C-78025527E22B}.Release|Any CPU.ActiveCfg = Release|Any CPU
		{AF5C10C3-D4A2-406F-A49C-78025527E22B}.Release|Any CPU.Build.0 = Release|Any CPU
		{AF5C10C3-D4A2-406F-A49C-78025527E22B}.Release|x86.ActiveCfg = Release|Any CPU
		{AF5C10C3-D4A2-406F-A49C-78025527E22B}.Release|x86.Build.0 = Release|Any CPU
		{86E54A87-18DD-480D-8D31-B32609465462}.Debug|Any CPU.ActiveCfg = Debug|Any CPU
		{86E54A87-18DD-480D-8D31-B32609465462}.Debug|Any CPU.Build.0 = Debug|Any CPU
		{86E54A87-18DD-480D-8D31-B32609465462}.Debug|x86.ActiveCfg = Debug|Any CPU
		{86E54A87-18DD-480D-8D31-B32609465462}.Debug|x86.Build.0 = Debug|Any CPU
		{86E54A87-18DD-480D-8D31-B32609465462}.Release|Any CPU.ActiveCfg = Release|Any CPU
		{86E54A87-18DD-480D-8D31-B32609465462}.Release|Any CPU.Build.0 = Release|Any CPU
		{86E54A87-18DD-480D-8D31-B32609465462}.Release|x86.ActiveCfg = Release|Any CPU
		{86E54A87-18DD-480D-8D31-B32609465462}.Release|x86.Build.0 = Release|Any CPU
		{F4F5C363-188E-40E2-9E14-F8D175BA7471}.Debug|Any CPU.ActiveCfg = Debug|Any CPU
		{F4F5C363-188E-40E2-9E14-F8D175BA7471}.Debug|Any CPU.Build.0 = Debug|Any CPU
		{F4F5C363-188E-40E2-9E14-F8D175BA7471}.Debug|x86.ActiveCfg = Debug|Any CPU
		{F4F5C363-188E-40E2-9E14-F8D175BA7471}.Debug|x86.Build.0 = Debug|Any CPU
		{F4F5C363-188E-40E2-9E14-F8D175BA7471}.Release|Any CPU.ActiveCfg = Release|Any CPU
		{F4F5C363-188E-40E2-9E14-F8D175BA7471}.Release|Any CPU.Build.0 = Release|Any CPU
		{F4F5C363-188E-40E2-9E14-F8D175BA7471}.Release|x86.ActiveCfg = Release|Any CPU
		{F4F5C363-188E-40E2-9E14-F8D175BA7471}.Release|x86.Build.0 = Release|Any CPU
		{98411472-237A-47E8-9E92-AE212F241A3F}.Debug|Any CPU.ActiveCfg = Debug|Any CPU
		{98411472-237A-47E8-9E92-AE212F241A3F}.Debug|Any CPU.Build.0 = Debug|Any CPU
		{98411472-237A-47E8-9E92-AE212F241A3F}.Debug|x86.ActiveCfg = Debug|Any CPU
		{98411472-237A-47E8-9E92-AE212F241A3F}.Debug|x86.Build.0 = Debug|Any CPU
		{98411472-237A-47E8-9E92-AE212F241A3F}.Release|Any CPU.ActiveCfg = Release|Any CPU
		{98411472-237A-47E8-9E92-AE212F241A3F}.Release|Any CPU.Build.0 = Release|Any CPU
		{98411472-237A-47E8-9E92-AE212F241A3F}.Release|x86.ActiveCfg = Release|Any CPU
		{98411472-237A-47E8-9E92-AE212F241A3F}.Release|x86.Build.0 = Release|Any CPU
	EndGlobalSection
	GlobalSection(SolutionProperties) = preSolution
		HideSolutionNode = FALSE
	EndGlobalSection
	GlobalSection(NestedProjects) = preSolution
		{016D4ECF-5CAD-49D8-B66F-AA2E1434D9C2} = {5570062D-8463-44FC-A7FF-C3BFF2D84129}
		{EB8616B3-F4AA-492F-A274-7B4BB8070131} = {954656DF-74DF-46FD-A61D-9B8CB79D6632}
		{3125E16A-C795-4284-A96F-D051E0C67D45} = {BFED5EA3-47DF-493E-B69D-44A15901C490}
		{4E19841D-5215-4817-94CD-610E3195608D} = {BFED5EA3-47DF-493E-B69D-44A15901C490}
		{DB386EFC-4F77-4425-9AF0-D076063D3350} = {5570062D-8463-44FC-A7FF-C3BFF2D84129}
		{FE6A4B1E-FF5E-4172-97E4-3A5481CC40AE} = {5570062D-8463-44FC-A7FF-C3BFF2D84129}
		{BA0A487A-1D73-47C8-8C88-58715584A340} = {BFED5EA3-47DF-493E-B69D-44A15901C490}
		{1135848A-BC84-43D6-B385-768B8E397247} = {9E518F6A-FCC1-4737-98F8-15BA636F7E65}
		{E439293F-09D3-45C5-81A3-3E848416ACAC} = {9E518F6A-FCC1-4737-98F8-15BA636F7E65}
		{D019E6E9-948F-41A2-AD1D-AD7FD97C9D0E} = {9E518F6A-FCC1-4737-98F8-15BA636F7E65}
		{FCE36826-102D-44A9-AE5E-01C59CACAE98} = {BFED5EA3-47DF-493E-B69D-44A15901C490}
		{37078B96-15BB-47F5-9224-4A2FF88E4DBC} = {954656DF-74DF-46FD-A61D-9B8CB79D6632}
		{F643CA5E-0462-4621-A9AB-D806F7D5C28F} = {6987ACA8-4E71-470C-8EB3-AD0C3EB9575B}
		{EDA943E1-635B-4AD3-A35D-0606D19FA311} = {E12C443C-FF9A-4408-B0FB-BA86A08EC486}
		{A229AEBC-EA70-4684-9FEE-BD701981F5E0} = {E12C443C-FF9A-4408-B0FB-BA86A08EC486}
		{405F713B-00C8-4691-AF14-67960A901D3C} = {E12C443C-FF9A-4408-B0FB-BA86A08EC486}
		{478BE54F-4143-4EB4-9BF4-32C7F0F2F8FB} = {1FD9C06B-4076-46A1-ABDC-EE64274B6DF1}
		{94E2AB9B-7819-4FEA-B40C-C821BB60C56F} = {1FD9C06B-4076-46A1-ABDC-EE64274B6DF1}
		{C8A4CDD3-26AA-4E60-A3EF-AD3718A06CC2} = {1FD9C06B-4076-46A1-ABDC-EE64274B6DF1}
		{3F47E850-4CAA-44E3-9571-22123C1D59AA} = {1FD9C06B-4076-46A1-ABDC-EE64274B6DF1}
		{4C93EEFC-C953-4759-ADFB-8A8143092489} = {1FD9C06B-4076-46A1-ABDC-EE64274B6DF1}
		{3E09BC7E-021E-4F07-B42C-EAF1FDB65B93} = {1FD9C06B-4076-46A1-ABDC-EE64274B6DF1}
		{991F8FAB-E855-4A13-874E-583EACABD8DF} = {6987ACA8-4E71-470C-8EB3-AD0C3EB9575B}
		{AF5C10C3-D4A2-406F-A49C-78025527E22B} = {6987ACA8-4E71-470C-8EB3-AD0C3EB9575B}
		{86E54A87-18DD-480D-8D31-B32609465462} = {6987ACA8-4E71-470C-8EB3-AD0C3EB9575B}
		{F4F5C363-188E-40E2-9E14-F8D175BA7471} = {6987ACA8-4E71-470C-8EB3-AD0C3EB9575B}
		{98411472-237A-47E8-9E92-AE212F241A3F} = {6987ACA8-4E71-470C-8EB3-AD0C3EB9575B}
	EndGlobalSection
	GlobalSection(ExtensibilityGlobals) = postSolution
		SolutionGuid = {062D0635-9DC1-44A4-88C6-520F72F4B960}
	EndGlobalSection
EndGlobal
